# Pinned graph-pack artifacts.
#
# Graph packs are build outputs, not source: `data/` is gitignored, building a
# pack hits Overpass, and the API cannot start without one. This file is how a
# checkout, a CI run, and a deployed container all agree on *which* prebuilt
# packs to use.
#
# Read by:
#   - api/packs_fetch.py        (downloads missing packs at startup)
#   - .github/actions/fetch-packs (populates data/packs/ for CI)
#   - .github/workflows/build-packs.yml (writes the stanza to paste back here)
#
# TO POPULATE THIS FILE:
#   1. Create a public-read R2 (or S3) bucket. Packs are derived from public
#      OpenStreetMap data — there is nothing secret in them, so the runtime
#      fetches over plain HTTPS with no credentials and no secrets on the
#      server. Only the upload side (CI) needs keys.
#   2. Set `base_url` below to the bucket's public URL.
#   3. Run the `build-packs` workflow (manual dispatch). It prints a ready-made
#      `[regions]` block; paste it here and open a PR.
#
# While `base_url` is empty, pack fetching is DISABLED and the API reads only
# from local disk — which is exactly what you want for local development.

# Public base URL of the bucket, with trailing slash. Empty = fetching off.
# Override per-deployment with the SR_PACKS_URL environment variable.
# Note this is the r2.dev subdomain, which maps to the bucket itself — the
# bucket name does not appear in the path.
base_url = "https://pub-0316308e85f3439ab800d022c77d67e7.r2.dev"

# Immutable release directory inside the bucket. Artifacts are addressed as
# {base_url}{tag}/{region}.tar.gz. Never overwrite a published tag — bump it,
# so a rollback is just reverting this file.
tag = "packs-v2-20260728"

# Must equal pyref.graph.PACK_FORMAT_VERSION. Checked at startup: a mismatch
# means the published artifacts predate a pack-layout change and would fail
# obscurely inside GraphPack.load(), so we fail early with a clear message
# instead. Bump this in the same PR that bumps PACK_FORMAT_VERSION and
# republishes the packs.
format_version = 2

# One entry per published region. `sha256` is over the .tar.gz artifact.
# Generated by the build-packs workflow; do not hand-edit the digests.
[regions]
berkeley_small = { sha256 = "45313cb7f86e719cef5a22518d566c602e1eb75876d1809101867e6b480e5b42", bytes = 215292 }
berkeley_oakland = { sha256 = "14fd02fbcc64200ce3233880803b41af00d9ef1f5bfc8ba0350486fb84834bb0", bytes = 2688704 }
